
Microsoft Visual Studio Solution File, Format Version 12.00
# Visual Studio 15
VisualStudioVersion = 15.0.28307.271
MinimumVisualStudioVersion = 10.0.40219.1
Project("{FAE04EC0-301F-11D3-BF4B-00C04F79EFBC}") = "Magic8BallWCFServiceHTTP", "Magic8BallWCFServiceHTTP\Magic8BallWCFServiceHTTP.csproj", "{06FA9BDA-DBD6-4D34-A5A8-11963DA9602A}"
EndProject
Project("{FAE04EC0-301F-11D3-BF4B-00C04F79EFBC}") = "Magic8BallServiceHost", "Magic8BallServiceHost\Magic8BallServiceHost.csproj", "{3C5BF9A8-F86C-4FD3-911B-0AB68D6926F4}"
EndProject
Project("{FAE04EC0-301F-11D3-BF4B-00C04F79EFBC}") = "Magic8BallServiceClient", "Magic8BallServiceClient\Magic8BallServiceClient.csproj", "{910A5C00-37F5-46CC-9F62-128BD55D46DC}"
	ProjectSection(ProjectDependencies) = postProject
		{06FA9BDA-DBD6-4D34-A5A8-11963DA9602A} = {06FA9BDA-DBD6-4D34-A5A8-11963DA9602A}
	EndProjectSection
EndProject
Global
	GlobalSection(SolutionConfigurationPlatforms) = preSolution
		Debug|Any CPU = Debug|Any CPU
		Release|Any CPU = Release|Any CPU
	EndGlobalSection
	GlobalSection(ProjectConfigurationPlatforms) = postSolution
		{06FA9BDA-DBD6-4D34-A5A8-11963DA9602A}.Debug|Any CPU.ActiveCfg = Debug|Any CPU
		{06FA9BDA-DBD6-4D34-A5A8-11963DA9602A}.Debug|Any CPU.Build.0 = Debug|Any CPU
		{06FA9BDA-DBD6-4D34-A5A8-11963DA9602A}.Release|Any CPU.ActiveCfg = Release|Any CPU
		{06FA9BDA-DBD6-4D34-A5A8-11963DA9602A}.Release|Any CPU.Build.0 = Release|Any CPU
		{3C5BF9A8-F86C-4FD3-911B-0AB68D6926F4}.Debug|Any CPU.ActiveCfg = Debug|Any CPU
		{3C5BF9A8-F86C-4FD3-911B-0AB68D6926F4}.Debug|Any CPU.Build.0 = Debug|Any CPU
		{3C5BF9A8-F86C-4FD3-911B-0AB68D6926F4}.Release|Any CPU.ActiveCfg = Release|Any CPU
		{3C5BF9A8-F86C-4FD3-911B-0AB68D6926F4}.Release|Any CPU.Build.0 = Release|Any CPU
		{910A5C00-37F5-46CC-9F62-128BD55D46DC}.Debug|Any CPU.ActiveCfg = Debug|Any CPU
		{910A5C00-37F5-46CC-9F62-128BD55D46DC}.Debug|Any CPU.Build.0 = Debug|Any CPU
		{910A5C00-37F5-46CC-9F62-128BD55D46DC}.Release|Any CPU.ActiveCfg = Release|Any CPU
		{910A5C00-37F5-46CC-9F62-128BD55D46DC}.Release|Any CPU.Build.0 = Release|Any CPU
	EndGlobalSection
	GlobalSection(SolutionProperties) = preSolution
		HideSolutionNode = FALSE
	EndGlobalSection
	GlobalSection(ExtensibilityGlobals) = postSolution
		SolutionGuid = {E6B2E975-4F32-4FCF-A510-368BC8404167}
	EndGlobalSection
EndGlobal
